
Microsoft Visual Studio Solution File, Format Version 12.00
# Visual Studio Version 17
VisualStudioVersion = 17.5.002.0
MinimumVisualStudioVersion = 10.0.40219.1
Project("{9A19103F-16F7-4668-BE54-9A1E7A4F7556}") = "FileWatcherService", "FileWatcherService.csproj", "{D48DAC37-C772-415E-BE9D-F9D00F8E9B71}"
EndProject
Global
	GlobalSection(SolutionConfigurationPlatforms) = preSolution
		Debug|Any CPU = Debug|Any CPU
		Release|Any CPU = Release|Any CPU
	EndGlobalSection
	GlobalSection(ProjectConfigurationPlatforms) = postSolution
		{D48DAC37-C772-415E-BE9D-F9D00F8E9B71}.Debug|Any CPU.ActiveCfg = Debug|Any CPU
		{D48DAC37-C772-415E-BE9D-F9D00F8E9B71}.Debug|Any CPU.Build.0 = Debug|Any CPU
		{D48DAC37-C772-415E-BE9D-F9D00F8E9B71}.Release|Any CPU.ActiveCfg = Release|Any CPU
		{D48DAC37-C772-415E-BE9D-F9D00F8E9B71}.Release|Any CPU.Build.0 = Release|Any CPU
	EndGlobalSection
	GlobalSection(SolutionProperties) = preSolution
		HideSolutionNode = FALSE
	EndGlobalSection
	GlobalSection(ExtensibilityGlobals) = postSolution
		SolutionGuid = {545D4A13-08F7-461B-99CC-75279E249350}
	EndGlobalSection
EndGlobal
